
Microsoft Visual Studio Solution File, Format Version 12.00
# Visual Studio Version 16
VisualStudioVersion = 16.0.31624.102
MinimumVisualStudioVersion = 10.0.40219.1
Project("{FAE04EC0-301F-11D3-BF4B-00C04F79EFBC}") = "ThuVien", "ThuVien.csproj", "{E3DCBFCA-B94A-4993-8404-44439CC56234}"
EndProject
Global
	GlobalSection(SolutionConfigurationPlatforms) = preSolution
		Debug|Any CPU = Debug|Any CPU
		Release|Any CPU = Release|Any CPU
	EndGlobalSection
	GlobalSection(ProjectConfigurationPlatforms) = postSolution
		{E3DCBFCA-B94A-4993-8404-44439CC56234}.Debug|Any CPU.ActiveCfg = Debug|Any CPU
		{E3DCBFCA-B94A-4993-8404-44439CC56234}.Debug|Any CPU.Build.0 = Debug|Any CPU
		{E3DCBFCA-B94A-4993-8404-44439CC56234}.Release|Any CPU.ActiveCfg = Release|Any CPU
		{E3DCBFCA-B94A-4993-8404-44439CC56234}.Release|Any CPU.Build.0 = Release|Any CPU
	EndGlobalSection
	GlobalSection(SolutionProperties) = preSolution
		HideSolutionNode = FALSE
	EndGlobalSection
	GlobalSection(ExtensibilityGlobals) = postSolution
		SolutionGuid = {785A12C5-6470-4334-816F-456526656063}
	EndGlobalSection
EndGlobal
